
Microsoft Visual Studio Solution File, Format Version 12.00
# Visual Studio Version 16
VisualStudioVersion = 16.0.28729.10
MinimumVisualStudioVersion = 10.0.40219.1
Project("{8BC9CEB8-8B4A-11D0-8D11-00A0C91BC942}") = "SI_LAB_1", "SI_LAB_1\SI_LAB_1.vcxproj", "{CBD4F800-0465-429B-8B49-9FA6EA7ED1B8}"
EndProject
Global
	GlobalSection(SolutionConfigurationPlatforms) = preSolution
		Debug|x64 = Debug|x64
		Debug|x86 = Debug|x86
		Release|x64 = Release|x64
		Release|x86 = Release|x86
	EndGlobalSection
	GlobalSection(ProjectConfigurationPlatforms) = postSolution
		{CBD4F800-0465-429B-8B49-9FA6EA7ED1B8}.Debug|x64.ActiveCfg = Debug|x64
		{CBD4F800-0465-429B-8B49-9FA6EA7ED1B8}.Debug|x64.Build.0 = Debug|x64
		{CBD4F800-0465-429B-8B49-9FA6EA7ED1B8}.Debug|x86.ActiveCfg = Debug|Win32
		{CBD4F800-0465-429B-8B49-9FA6EA7ED1B8}.Debug|x86.Build.0 = Debug|Win32
		{CBD4F800-0465-429B-8B49-9FA6EA7ED1B8}.Release|x64.ActiveCfg = Release|x64
		{CBD4F800-0465-429B-8B49-9FA6EA7ED1B8}.Release|x64.Build.0 = Release|x64
		{CBD4F800-0465-429B-8B49-9FA6EA7ED1B8}.Release|x86.ActiveCfg = Release|Win32
		{CBD4F800-0465-429B-8B49-9FA6EA7ED1B8}.Release|x86.Build.0 = Release|Win32
	EndGlobalSection
	GlobalSection(SolutionProperties) = preSolution
		HideSolutionNode = FALSE
	EndGlobalSection
	GlobalSection(ExtensibilityGlobals) = postSolution
		SolutionGuid = {7945F1BF-60E4-4CA6-8B52-0051D233BF5A}
	EndGlobalSection
EndGlobal
